// !$*UTF8*$!
{
	archiveVersion = 1;
	classes = {
	};
	objectVersion = 50;
	objects = {

/* Begin PBXBuildFile section */
		7505616F247457EB0041B9AC /* InformationDetailView.swift in Sources */ = {isa = PBXBuildFile; fileRef = 7505616E247457EB0041B9AC /* InformationDetailView.swift */; };
		750A3625246F39B700793B20 /* AppDelegate.swift in Sources */ = {isa = PBXBuildFile; fileRef = 750A3624246F39B700793B20 /* AppDelegate.swift */; };
		750A3627246F39B700793B20 /* SceneDelegate.swift in Sources */ = {isa = PBXBuildFile; fileRef = 750A3626246F39B700793B20 /* SceneDelegate.swift */; };
		750A362A246F39B800793B20 /* Ghana.xcdatamodeld in Sources */ = {isa = PBXBuildFile; fileRef = 750A3628246F39B800793B20 /* Ghana.xcdatamodeld */; };
		750A362C246F39B800793B20 /* ContentView.swift in Sources */ = {isa = PBXBuildFile; fileRef = 750A362B246F39B800793B20 /* ContentView.swift */; };
		750A362E246F39B800793B20 /* Assets.xcassets in Resources */ = {isa = PBXBuildFile; fileRef = 750A362D246F39B800793B20 /* Assets.xcassets */; };
		750A3631246F39B800793B20 /* Preview Assets.xcassets in Resources */ = {isa = PBXBuildFile; fileRef = 750A3630246F39B800793B20 /* Preview Assets.xcassets */; };
		750A3634246F39B800793B20 /* LaunchScreen.storyboard in Resources */ = {isa = PBXBuildFile; fileRef = 750A3632246F39B800793B20 /* LaunchScreen.storyboard */; };
		750A3642246F39D400793B20 /* KeyboardViewController.swift in Sources */ = {isa = PBXBuildFile; fileRef = 750A3641246F39D400793B20 /* KeyboardViewController.swift */; };
		750A3646246F39D400793B20 /* Custom.appex in Embed App Extensions */ = {isa = PBXBuildFile; fileRef = 750A363F246F39D400793B20 /* Custom.appex */; settings = {ATTRIBUTES = (RemoveHeadersOnCopy, ); }; };
		750C5F8424786CA8002A10ED /* KeyboardSettingsView.swift in Sources */ = {isa = PBXBuildFile; fileRef = 750C5F8324786CA8002A10ED /* KeyboardSettingsView.swift */; };
		75316E54246F83FA0037D99E /* GifViewer.swift in Sources */ = {isa = PBXBuildFile; fileRef = 75316E53246F83FA0037D99E /* GifViewer.swift */; };
		75316E56246F84DE0037D99E /* OrientationSupport.swift in Sources */ = {isa = PBXBuildFile; fileRef = 75316E55246F84DE0037D99E /* OrientationSupport.swift */; };
		75AC5B652473D01600E0990E /* LicenseAgreement.swift in Sources */ = {isa = PBXBuildFile; fileRef = 75AC5B642473D01600E0990E /* LicenseAgreement.swift */; };
		75C37D372472665900AA2AEB /* AboutView.swift in Sources */ = {isa = PBXBuildFile; fileRef = 75C37D362472665900AA2AEB /* AboutView.swift */; };
		75C37D392472DB2900AA2AEB /* Options.swift in Sources */ = {isa = PBXBuildFile; fileRef = 75C37D382472DB2900AA2AEB /* Options.swift */; };
		75C37D3B2472DDA500AA2AEB /* Settings.swift in Sources */ = {isa = PBXBuildFile; fileRef = 75C37D3A2472DDA500AA2AEB /* Settings.swift */; };
		75C37D3D2472DEE100AA2AEB /* SettingsView.swift in Sources */ = {isa = PBXBuildFile; fileRef = 75C37D3C2472DEE100AA2AEB /* SettingsView.swift */; };
		75C37D3F2472F0FC00AA2AEB /* ShareSheetView.swift in Sources */ = {isa = PBXBuildFile; fileRef = 75C37D3E2472F0FC00AA2AEB /* ShareSheetView.swift */; };
		75EA65D424749BF100574FDE /* UserDefaultsWrapper.swift in Sources */ = {isa = PBXBuildFile; fileRef = 75EA65D324749BF100574FDE /* UserDefaultsWrapper.swift */; };
		75EA65D824757D0F00574FDE /* Default-568h@2x.png in Resources */ = {isa = PBXBuildFile; fileRef = 75EA65D724757D0F00574FDE /* Default-568h@2x.png */; };
		75EA65DA247587E200574FDE /* ViewControllerHolder.swift in Sources */ = {isa = PBXBuildFile; fileRef = 75EA65D9247587E200574FDE /* ViewControllerHolder.swift */; };
		75EA65DC247596C800574FDE /* RatingView.swift in Sources */ = {isa = PBXBuildFile; fileRef = 75EA65DB247596C800574FDE /* RatingView.swift */; };
/* End PBXBuildFile section */

/* Begin PBXContainerItemProxy section */
		750A3644246F39D400793B20 /* PBXContainerItemProxy */ = {
			isa = PBXContainerItemProxy;
			containerPortal = 750A3619246F39B700793B20 /* Project object */;
			proxyType = 1;
			remoteGlobalIDString = 750A363E246F39D400793B20;
			remoteInfo = Custom;
		};
/* End PBXContainerItemProxy section */

/* Begin PBXCopyFilesBuildPhase section */
		750A364A246F39D400793B20 /* Embed App Extensions */ = {
			isa = PBXCopyFilesBuildPhase;
			buildActionMask = 2147483647;
			dstPath = "";
			dstSubfolderSpec = 13;
			files = (
				750A3646246F39D400793B20 /* Custom.appex in Embed App Extensions */,
			);
			name = "Embed App Extensions";
			runOnlyForDeploymentPostprocessing = 0;
		};
/* End PBXCopyFilesBuildPhase section */

/* Begin PBXFileReference section */
		7505616E247457EB0041B9AC /* InformationDetailView.swift */ = {isa = PBXFileReference; lastKnownFileType = sourcecode.swift; path = InformationDetailView.swift; sourceTree = "<group>"; };
		750A3621246F39B700793B20 /* Ghana Keyboard.app */ = {isa = PBXFileReference; explicitFileType = wrapper.application; includeInIndex = 0; path = "Ghana Keyboard.app"; sourceTree = BUILT_PRODUCTS_DIR; };
		750A3624246F39B700793B20 /* AppDelegate.swift */ = {isa = PBXFileReference; lastKnownFileType = sourcecode.swift; path = AppDelegate.swift; sourceTree = "<group>"; };
		750A3626246F39B700793B20 /* SceneDelegate.swift */ = {isa = PBXFileReference; lastKnownFileType = sourcecode.swift; path = SceneDelegate.swift; sourceTree = "<group>"; };
		750A3629246F39B800793B20 /* Ghana.xcdatamodel */ = {isa = PBXFileReference; lastKnownFileType = wrapper.xcdatamodel; path = Ghana.xcdatamodel; sourceTree = "<group>"; };
		750A362B246F39B800793B20 /* ContentView.swift */ = {isa = PBXFileReference; lastKnownFileType = sourcecode.swift; path = ContentView.swift; sourceTree = "<group>"; };
		750A362D246F39B800793B20 /* Assets.xcassets */ = {isa = PBXFileReference; lastKnownFileType = folder.assetcatalog; path = Assets.xcassets; sourceTree = "<group>"; };
		750A3630246F39B800793B20 /* Preview Assets.xcassets */ = {isa = PBXFileReference; lastKnownFileType = folder.assetcatalog; path = "Preview Assets.xcassets"; sourceTree = "<group>"; };
		750A3633246F39B800793B20 /* Base */ = {isa = PBXFileReference; lastKnownFileType = file.storyboard; name = Base; path = Base.lproj/LaunchScreen.storyboard; sourceTree = "<group>"; };
		750A3635246F39B800793B20 /* Info.plist */ = {isa = PBXFileReference; lastKnownFileType = text.plist.xml; path = Info.plist; sourceTree = "<group>"; };
		750A363F246F39D400793B20 /* Custom.appex */ = {isa = PBXFileReference; explicitFileType = "wrapper.app-extension"; includeInIndex = 0; path = Custom.appex; sourceTree = BUILT_PRODUCTS_DIR; };
		750A3641246F39D400793B20 /* KeyboardViewController.swift */ = {isa = PBXFileReference; lastKnownFileType = sourcecode.swift; path = KeyboardViewController.swift; sourceTree = "<group>"; };
		750A3643246F39D400793B20 /* Info.plist */ = {isa = PBXFileReference; lastKnownFileType = text.plist.xml; path = Info.plist; sourceTree = "<group>"; };
		750C5F8324786CA8002A10ED /* KeyboardSettingsView.swift */ = {isa = PBXFileReference; lastKnownFileType = sourcecode.swift; path = KeyboardSettingsView.swift; sourceTree = "<group>"; };
		75316E53246F83FA0037D99E /* GifViewer.swift */ = {isa = PBXFileReference; lastKnownFileType = sourcecode.swift; path = GifViewer.swift; sourceTree = "<group>"; };
		75316E55246F84DE0037D99E /* OrientationSupport.swift */ = {isa = PBXFileReference; lastKnownFileType = sourcecode.swift; path = OrientationSupport.swift; sourceTree = "<group>"; };
		75ABEB902475A88000F0971D /* welcome_dark.PNG */ = {isa = PBXFileReference; lastKnownFileType = image.png; path = welcome_dark.PNG; sourceTree = "<group>"; };
		75ABEB912475A88000F0971D /* welcome_light.PNG */ = {isa = PBXFileReference; lastKnownFileType = image.png; path = welcome_light.PNG; sourceTree = "<group>"; };
		75ABEB922475A88100F0971D /* home_dark.PNG */ = {isa = PBXFileReference; lastKnownFileType = image.png; path = home_dark.PNG; sourceTree = "<group>"; };
		75ABEB932475A88100F0971D /* home_light.PNG */ = {isa = PBXFileReference; lastKnownFileType = image.png; path = home_light.PNG; sourceTree = "<group>"; };
		75AC5B642473D01600E0990E /* LicenseAgreement.swift */ = {isa = PBXFileReference; lastKnownFileType = sourcecode.swift; path = LicenseAgreement.swift; sourceTree = "<group>"; };
		75C37D362472665900AA2AEB /* AboutView.swift */ = {isa = PBXFileReference; lastKnownFileType = sourcecode.swift; path = AboutView.swift; sourceTree = "<group>"; };
		75C37D382472DB2900AA2AEB /* Options.swift */ = {isa = PBXFileReference; lastKnownFileType = sourcecode.swift; path = Options.swift; sourceTree = "<group>"; };
		75C37D3A2472DDA500AA2AEB /* Settings.swift */ = {isa = PBXFileReference; lastKnownFileType = sourcecode.swift; path = Settings.swift; sourceTree = "<group>"; };
		75C37D3C2472DEE100AA2AEB /* SettingsView.swift */ = {isa = PBXFileReference; lastKnownFileType = sourcecode.swift; path = SettingsView.swift; sourceTree = "<group>"; };
		75C37D3E2472F0FC00AA2AEB /* ShareSheetView.swift */ = {isa = PBXFileReference; lastKnownFileType = sourcecode.swift; path = ShareSheetView.swift; sourceTree = "<group>"; };
		75EA65D324749BF100574FDE /* UserDefaultsWrapper.swift */ = {isa = PBXFileReference; lastKnownFileType = sourcecode.swift; path = UserDefaultsWrapper.swift; sourceTree = "<group>"; };
		75EA65D724757D0F00574FDE /* Default-568h@2x.png */ = {isa = PBXFileReference; lastKnownFileType = image.png; path = "Default-568h@2x.png"; sourceTree = "<group>"; };
		75EA65D9247587E200574FDE /* ViewControllerHolder.swift */ = {isa = PBXFileReference; lastKnownFileType = sourcecode.swift; path = ViewControllerHolder.swift; sourceTree = "<group>"; };
		75EA65DB247596C800574FDE /* RatingView.swift */ = {isa = PBXFileReference; lastKnownFileType = sourcecode.swift; path = RatingView.swift; sourceTree = "<group>"; };
/* End PBXFileReference section */

/* Begin PBXFrameworksBuildPhase section */
		750A361E246F39B700793B20 /* Frameworks */ = {
			isa = PBXFrameworksBuildPhase;
			buildActionMask = 2147483647;
			files = (
			);
			runOnlyForDeploymentPostprocessing = 0;
		};
		750A363C246F39D400793B20 /* Frameworks */ = {
			isa = PBXFrameworksBuildPhase;
			buildActionMask = 2147483647;
			files = (
			);
			runOnlyForDeploymentPostprocessing = 0;
		};
/* End PBXFrameworksBuildPhase section */

/* Begin PBXGroup section */
		750A3618246F39B700793B20 = {
			isa = PBXGroup;
			children = (
				75ABEB8F2475A87800F0971D /* Screenshots */,
				75EA65D724757D0F00574FDE /* Default-568h@2x.png */,
				750A3623246F39B700793B20 /* Ghana Keyboard */,
				750A3640246F39D400793B20 /* Custom */,
				750A3622246F39B700793B20 /* Products */,
			);
			sourceTree = "<group>";
		};
		750A3622246F39B700793B20 /* Products */ = {
			isa = PBXGroup;
			children = (
				750A3621246F39B700793B20 /* Ghana Keyboard.app */,
				750A363F246F39D400793B20 /* Custom.appex */,
			);
			name = Products;
			sourceTree = "<group>";
		};
		750A3623246F39B700793B20 /* Ghana Keyboard */ = {
			isa = PBXGroup;
			children = (
				75EA65D324749BF100574FDE /* UserDefaultsWrapper.swift */,
				75C37D3E2472F0FC00AA2AEB /* ShareSheetView.swift */,
				75316E55246F84DE0037D99E /* OrientationSupport.swift */,
				75316E53246F83FA0037D99E /* GifViewer.swift */,
				75C37D3A2472DDA500AA2AEB /* Settings.swift */,
				75C37D382472DB2900AA2AEB /* Options.swift */,
				75AC5B642473D01600E0990E /* LicenseAgreement.swift */,
				75EA65DB247596C800574FDE /* RatingView.swift */,
				75C37D3C2472DEE100AA2AEB /* SettingsView.swift */,
				750A3624246F39B700793B20 /* AppDelegate.swift */,
				750A3626246F39B700793B20 /* SceneDelegate.swift */,
				750A362B246F39B800793B20 /* ContentView.swift */,
				750A362D246F39B800793B20 /* Assets.xcassets */,
				750A3632246F39B800793B20 /* LaunchScreen.storyboard */,
				750A3635246F39B800793B20 /* Info.plist */,
				750A3628246F39B800793B20 /* Ghana.xcdatamodeld */,
				750A362F246F39B800793B20 /* Preview Content */,
				75C37D362472665900AA2AEB /* AboutView.swift */,
				7505616E247457EB0041B9AC /* InformationDetailView.swift */,
				75EA65D9247587E200574FDE /* ViewControllerHolder.swift */,
				750C5F8324786CA8002A10ED /* KeyboardSettingsView.swift */,
			);
			path = "Ghana Keyboard";
			sourceTree = "<group>";
		};
		750A362F246F39B800793B20 /* Preview Content */ = {
			isa = PBXGroup;
			children = (
				750A3630246F39B800793B20 /* Preview Assets.xcassets */,
			);
			path = "Preview Content";
			sourceTree = "<group>";
		};
		750A3640246F39D400793B20 /* Custom */ = {
			isa = PBXGroup;
			children = (
				750A3641246F39D400793B20 /* KeyboardViewController.swift */,
				750A3643246F39D400793B20 /* Info.plist */,
			);
			path = Custom;
			sourceTree = "<group>";
		};
		75ABEB8F2475A87800F0971D /* Screenshots */ = {
			isa = PBXGroup;
			children = (
				75ABEB902475A88000F0971D /* welcome_dark.PNG */,
				75ABEB912475A88000F0971D /* welcome_light.PNG */,
				75ABEB932475A88100F0971D /* home_light.PNG */,
				75ABEB922475A88100F0971D /* home_dark.PNG */,
			);
			path = Screenshots;
			sourceTree = "<group>";
		};
/* End PBXGroup section */

/* Begin PBXNativeTarget section */
		750A3620246F39B700793B20 /* Ghana Keyboard */ = {
			isa = PBXNativeTarget;
			buildConfigurationList = 750A3638246F39B800793B20 /* Build configuration list for PBXNativeTarget "Ghana Keyboard" */;
			buildPhases = (
				750A361D246F39B700793B20 /* Sources */,
				750A361E246F39B700793B20 /* Frameworks */,
				750A361F246F39B700793B20 /* Resources */,
				750A364A246F39D400793B20 /* Embed App Extensions */,
			);
			buildRules = (
			);
			dependencies = (
				750A3645246F39D400793B20 /* PBXTargetDependency */,
			);
			name = "Ghana Keyboard";
			packageProductDependencies = (
			);
			productName = Ghana;
			productReference = 750A3621246F39B700793B20 /* Ghana Keyboard.app */;
			productType = "com.apple.product-type.application";
		};
		750A363E246F39D400793B20 /* Custom */ = {
			isa = PBXNativeTarget;
			buildConfigurationList = 750A3647246F39D400793B20 /* Build configuration list for PBXNativeTarget "Custom" */;
			buildPhases = (
				750A363B246F39D400793B20 /* Sources */,
				750A363C246F39D400793B20 /* Frameworks */,
				750A363D246F39D400793B20 /* Resources */,
			);
			buildRules = (
			);
			dependencies = (
			);
			name = Custom;
			productName = Custom;
			productReference = 750A363F246F39D400793B20 /* Custom.appex */;
			productType = "com.apple.product-type.app-extension";
		};
/* End PBXNativeTarget section */

/* Begin PBXProject section */
		750A3619246F39B700793B20 /* Project object */ = {
			isa = PBXProject;
			attributes = {
				LastSwiftUpdateCheck = 1130;
				LastUpgradeCheck = 1130;
				ORGANIZATIONNAME = "Tetra Apps";
				TargetAttributes = {
					750A3620246F39B700793B20 = {
						CreatedOnToolsVersion = 11.3.1;
					};
					750A363E246F39D400793B20 = {
						CreatedOnToolsVersion = 11.3.1;
					};
				};
			};
			buildConfigurationList = 750A361C246F39B700793B20 /* Build configuration list for PBXProject "Ghana Keyboard" */;
			compatibilityVersion = "Xcode 9.3";
			developmentRegion = en;
			hasScannedForEncodings = 0;
			knownRegions = (
				en,
				Base,
			);
			mainGroup = 750A3618246F39B700793B20;
			packageReferences = (
			);
			productRefGroup = 750A3622246F39B700793B20 /* Products */;
			projectDirPath = "";
			projectRoot = "";
			targets = (
				750A3620246F39B700793B20 /* Ghana Keyboard */,
				750A363E246F39D400793B20 /* Custom */,
			);
		};
/* End PBXProject section */

/* Begin PBXResourcesBuildPhase section */
		750A361F246F39B700793B20 /* Resources */ = {
			isa = PBXResourcesBuildPhase;
			buildActionMask = 2147483647;
			files = (
				750A3634246F39B800793B20 /* LaunchScreen.storyboard in Resources */,
				75EA65D824757D0F00574FDE /* Default-568h@2x.png in Resources */,
				750A3631246F39B800793B20 /* Preview Assets.xcassets in Resources */,
				750A362E246F39B800793B20 /* Assets.xcassets in Resources */,
			);
			runOnlyForDeploymentPostprocessing = 0;
		};
		750A363D246F39D400793B20 /* Resources */ = {
			isa = PBXResourcesBuildPhase;
			buildActionMask = 2147483647;
			files = (
			);
			runOnlyForDeploymentPostprocessing = 0;
		};
/* End PBXResourcesBuildPhase section */

/* Begin PBXSourcesBuildPhase section */
		750A361D246F39B700793B20 /* Sources */ = {
			isa = PBXSourcesBuildPhase;
			buildActionMask = 2147483647;
			files = (
				7505616F247457EB0041B9AC /* InformationDetailView.swift in Sources */,
				75EA65D424749BF100574FDE /* UserDefaultsWrapper.swift in Sources */,
				75EA65DA247587E200574FDE /* ViewControllerHolder.swift in Sources */,
				75316E56246F84DE0037D99E /* OrientationSupport.swift in Sources */,
				75316E54246F83FA0037D99E /* GifViewer.swift in Sources */,
				750A3625246F39B700793B20 /* AppDelegate.swift in Sources */,
				750A362A246F39B800793B20 /* Ghana.xcdatamodeld in Sources */,
				750A362C246F39B800793B20 /* ContentView.swift in Sources */,
				75C37D372472665900AA2AEB /* AboutView.swift in Sources */,
				75C37D392472DB2900AA2AEB /* Options.swift in Sources */,
				75C37D3D2472DEE100AA2AEB /* SettingsView.swift in Sources */,
				75EA65DC247596C800574FDE /* RatingView.swift in Sources */,
				75AC5B652473D01600E0990E /* LicenseAgreement.swift in Sources */,
				750C5F8424786CA8002A10ED /* KeyboardSettingsView.swift in Sources */,
				75C37D3B2472DDA500AA2AEB /* Settings.swift in Sources */,
				750A3627246F39B700793B20 /* SceneDelegate.swift in Sources */,
				75C37D3F2472F0FC00AA2AEB /* ShareSheetView.swift in Sources */,
			);
			runOnlyForDeploymentPostprocessing = 0;
		};
		750A363B246F39D400793B20 /* Sources */ = {
			isa = PBXSourcesBuildPhase;
			buildActionMask = 2147483647;
			files = (
				750A3642246F39D400793B20 /* KeyboardViewController.swift in Sources */,
			);
			runOnlyForDeploymentPostprocessing = 0;
		};
/* End PBXSourcesBuildPhase section */

/* Begin PBXTargetDependency section */
		750A3645246F39D400793B20 /* PBXTargetDependency */ = {
			isa = PBXTargetDependency;
			target = 750A363E246F39D400793B20 /* Custom */;
			targetProxy = 750A3644246F39D400793B20 /* PBXContainerItemProxy */;
		};
/* End PBXTargetDependency section */

/* Begin PBXVariantGroup section */
		750A3632246F39B800793B20 /* LaunchScreen.storyboard */ = {
			isa = PBXVariantGroup;
			children = (
				750A3633246F39B800793B20 /* Base */,
			);
			name = LaunchScreen.storyboard;
			sourceTree = "<group>";
		};
/* End PBXVariantGroup section */

/* Begin XCBuildConfiguration section */
		750A3636246F39B800793B20 /* Debug */ = {
			isa = XCBuildConfiguration;
			buildSettings = {
				ALWAYS_SEARCH_USER_PATHS = NO;
				CLANG_ANALYZER_NONNULL = YES;
				CLANG_ANALYZER_NUMBER_OBJECT_CONVERSION = YES_AGGRESSIVE;
				CLANG_CXX_LANGUAGE_STANDARD = "gnu++14";
				CLANG_CXX_LIBRARY = "libc++";
				CLANG_ENABLE_MODULES = YES;
				CLANG_ENABLE_OBJC_ARC = YES;
				CLANG_ENABLE_OBJC_WEAK = YES;
				CLANG_WARN_BLOCK_CAPTURE_AUTORELEASING = YES;
				CLANG_WARN_BOOL_CONVERSION = YES;
				CLANG_WARN_COMMA = YES;
				CLANG_WARN_CONSTANT_CONVERSION = YES;
				CLANG_WARN_DEPRECATED_OBJC_IMPLEMENTATIONS = YES;
				CLANG_WARN_DIRECT_OBJC_ISA_USAGE = YES_ERROR;
				CLANG_WARN_DOCUMENTATION_COMMENTS = YES;
				CLANG_WARN_EMPTY_BODY = YES;
				CLANG_WARN_ENUM_CONVERSION = YES;
				CLANG_WARN_INFINITE_RECURSION = YES;
				CLANG_WARN_INT_CONVERSION = YES;
				CLANG_WARN_NON_LITERAL_NULL_CONVERSION = YES;
				CLANG_WARN_OBJC_IMPLICIT_RETAIN_SELF = YES;
				CLANG_WARN_OBJC_LITERAL_CONVERSION = YES;
				CLANG_WARN_OBJC_ROOT_CLASS = YES_ERROR;
				CLANG_WARN_RANGE_LOOP_ANALYSIS = YES;
				CLANG_WARN_STRICT_PROTOTYPES = YES;
				CLANG_WARN_SUSPICIOUS_MOVE = YES;
				CLANG_WARN_UNGUARDED_AVAILABILITY = YES_AGGRESSIVE;
				CLANG_WARN_UNREACHABLE_CODE = YES;
				CLANG_WARN__DUPLICATE_METHOD_MATCH = YES;
				COPY_PHASE_STRIP = NO;
				DEBUG_INFORMATION_FORMAT = dwarf;
				ENABLE_STRICT_OBJC_MSGSEND = YES;
				ENABLE_TESTABILITY = YES;
				GCC_C_LANGUAGE_STANDARD = gnu11;
				GCC_DYNAMIC_NO_PIC = NO;
				GCC_NO_COMMON_BLOCKS = YES;
				GCC_OPTIMIZATION_LEVEL = 0;
				GCC_PREPROCESSOR_DEFINITIONS = (
					"DEBUG=1",
					"$(inherited)",
				);
				GCC_WARN_64_TO_32_BIT_CONVERSION = YES;
				GCC_WARN_ABOUT_RETURN_TYPE = YES_ERROR;
				GCC_WARN_UNDECLARED_SELECTOR = YES;
				GCC_WARN_UNINITIALIZED_AUTOS = YES_AGGRESSIVE;
				GCC_WARN_UNUSED_FUNCTION = YES;
				GCC_WARN_UNUSED_VARIABLE = YES;
				IPHONEOS_DEPLOYMENT_TARGET = 13.2;
				MTL_ENABLE_DEBUG_INFO = INCLUDE_SOURCE;
				MTL_FAST_MATH = YES;
				ONLY_ACTIVE_ARCH = YES;
				SDKROOT = iphoneos;
				SWIFT_ACTIVE_COMPILATION_CONDITIONS = DEBUG;
				SWIFT_OPTIMIZATION_LEVEL = "-Onone";
			};
			name = Debug;
		};
		750A3637246F39B800793B20 /* Release */ = {
			isa = XCBuildConfiguration;
			buildSettings = {
				ALWAYS_SEARCH_USER_PATHS = NO;
				CLANG_ANALYZER_NONNULL = YES;
				CLANG_ANALYZER_NUMBER_OBJECT_CONVERSION = YES_AGGRESSIVE;
				CLANG_CXX_LANGUAGE_STANDARD = "gnu++14";
				CLANG_CXX_LIBRARY = "libc++";
				CLANG_ENABLE_MODULES = YES;
				CLANG_ENABLE_OBJC_ARC = YES;
				CLANG_ENABLE_OBJC_WEAK = YES;
				CLANG_WARN_BLOCK_CAPTURE_AUTORELEASING = YES;
				CLANG_WARN_BOOL_CONVERSION = YES;
				CLANG_WARN_COMMA = YES;
				CLANG_WARN_CONSTANT_CONVERSION = YES;
				CLANG_WARN_DEPRECATED_OBJC_IMPLEMENTATIONS = YES;
				CLANG_WARN_DIRECT_OBJC_ISA_USAGE = YES_ERROR;
				CLANG_WARN_DOCUMENTATION_COMMENTS = YES;
				CLANG_WARN_EMPTY_BODY = YES;
				CLANG_WARN_ENUM_CONVERSION = YES;
				CLANG_WARN_INFINITE_RECURSION = YES;
				CLANG_WARN_INT_CONVERSION = YES;
				CLANG_WARN_NON_LITERAL_NULL_CONVERSION = YES;
				CLANG_WARN_OBJC_IMPLICIT_RETAIN_SELF = YES;
				CLANG_WARN_OBJC_LITERAL_CONVERSION = YES;
				CLANG_WARN_OBJC_ROOT_CLASS = YES_ERROR;
				CLANG_WARN_RANGE_LOOP_ANALYSIS = YES;
				CLANG_WARN_STRICT_PROTOTYPES = YES;
				CLANG_WARN_SUSPICIOUS_MOVE = YES;
				CLANG_WARN_UNGUARDED_AVAILABILITY = YES_AGGRESSIVE;
				CLANG_WARN_UNREACHABLE_CODE = YES;
				CLANG_WARN__DUPLICATE_METHOD_MATCH = YES;
				COPY_PHASE_STRIP = NO;
				DEBUG_INFORMATION_FORMAT = "dwarf-with-dsym";
				ENABLE_NS_ASSERTIONS = NO;
				ENABLE_STRICT_OBJC_MSGSEND = YES;
				GCC_C_LANGUAGE_STANDARD = gnu11;
				GCC_NO_COMMON_BLOCKS = YES;
				GCC_WARN_64_TO_32_BIT_CONVERSION = YES;
				GCC_WARN_ABOUT_RETURN_TYPE = YES_ERROR;
				GCC_WARN_UNDECLARED_SELECTOR = YES;
				GCC_WARN_UNINITIALIZED_AUTOS = YES_AGGRESSIVE;
				GCC_WARN_UNUSED_FUNCTION = YES;
				GCC_WARN_UNUSED_VARIABLE = YES;
				IPHONEOS_DEPLOYMENT_TARGET = 13.2;
				MTL_ENABLE_DEBUG_INFO = NO;
				MTL_FAST_MATH = YES;
				SDKROOT = iphoneos;
				SWIFT_COMPILATION_MODE = wholemodule;
				SWIFT_OPTIMIZATION_LEVEL = "-O";
				VALIDATE_PRODUCT = YES;
			};
			name = Release;
		};
		750A3639246F39B800793B20 /* Debug */ = {
			isa = XCBuildConfiguration;
			buildSettings = {
				ALWAYS_EMBED_SWIFT_STANDARD_LIBRARIES = YES;
				ASSETCATALOG_COMPILER_APPICON_NAME = AppIcon;
				CODE_SIGN_STYLE = Automatic;
				DEVELOPMENT_ASSET_PATHS = "\"Ghana Keyboard/Preview Content\"";
				DEVELOPMENT_TEAM = 39T6TVUBN4;
				ENABLE_PREVIEWS = YES;
				INFOPLIST_FILE = "Ghana Keyboard/Info.plist";
				LD_RUNPATH_SEARCH_PATHS = (
					"$(inherited)",
					"@executable_path/Frameworks",
				);
				PRODUCT_BUNDLE_IDENTIFIER = com.sam.Ghana;
				PRODUCT_NAME = "Ghana Keyboard";
				SWIFT_VERSION = 5.0;
				TARGETED_DEVICE_FAMILY = "1,2";
			};
			name = Debug;
		};
		750A363A246F39B800793B20 /* Release */ = {
			isa = XCBuildConfiguration;
			buildSettings = {
				ALWAYS_EMBED_SWIFT_STANDARD_LIBRARIES = YES;
				ASSETCATALOG_COMPILER_APPICON_NAME = AppIcon;
				CODE_SIGN_STYLE = Automatic;
				DEVELOPMENT_ASSET_PATHS = "\"Ghana Keyboard/Preview Content\"";
				DEVELOPMENT_TEAM = 39T6TVUBN4;
				ENABLE_PREVIEWS = YES;
				INFOPLIST_FILE = "Ghana Keyboard/Info.plist";
				LD_RUNPATH_SEARCH_PATHS = (
					"$(inherited)",
					"@executable_path/Frameworks",
				);
				PRODUCT_BUNDLE_IDENTIFIER = com.sam.Ghana;
				PRODUCT_NAME = "Ghana Keyboard";
				SWIFT_VERSION = 5.0;
				TARGETED_DEVICE_FAMILY = "1,2";
			};
			name = Release;
		};
		750A3648246F39D400793B20 /* Debug */ = {
			isa = XCBuildConfiguration;
			buildSettings = {
				CODE_SIGN_STYLE = Automatic;
				DEVELOPMENT_TEAM = 39T6TVUBN4;
				INFOPLIST_FILE = Custom/Info.plist;
				LD_RUNPATH_SEARCH_PATHS = (
					"$(inherited)",
					"@executable_path/Frameworks",
					"@executable_path/../../Frameworks",
				);
				PRODUCT_BUNDLE_IDENTIFIER = com.sam.Ghana.Custom;
				PRODUCT_NAME = "$(TARGET_NAME)";
				SKIP_INSTALL = YES;
				SWIFT_VERSION = 5.0;
				TARGETED_DEVICE_FAMILY = "1,2";
			};
			name = Debug;
		};
		750A3649246F39D400793B20 /* Release */ = {
			isa = XCBuildConfiguration;
			buildSettings = {
				CODE_SIGN_STYLE = Automatic;
				DEVELOPMENT_TEAM = 39T6TVUBN4;
				INFOPLIST_FILE = Custom/Info.plist;
				LD_RUNPATH_SEARCH_PATHS = (
					"$(inherited)",
					"@executable_path/Frameworks",
					"@executable_path/../../Frameworks",
				);
				PRODUCT_BUNDLE_IDENTIFIER = com.sam.Ghana.Custom;
				PRODUCT_NAME = "$(TARGET_NAME)";
				SKIP_INSTALL = YES;
				SWIFT_VERSION = 5.0;
				TARGETED_DEVICE_FAMILY = "1,2";
			};
			name = Release;
		};
/* End XCBuildConfiguration section */

/* Begin XCConfigurationList section */
		750A361C246F39B700793B20 /* Build configuration list for PBXProject "Ghana Keyboard" */ = {
			isa = XCConfigurationList;
			buildConfigurations = (
				750A3636246F39B800793B20 /* Debug */,
				750A3637246F39B800793B20 /* Release */,
			);
			defaultConfigurationIsVisible = 0;
			defaultConfigurationName = Release;
		};
		750A3638246F39B800793B20 /* Build configuration list for PBXNativeTarget "Ghana Keyboard" */ = {
			isa = XCConfigurationList;
			buildConfigurations = (
				750A3639246F39B800793B20 /* Debug */,
				750A363A246F39B800793B20 /* Release */,
			);
			defaultConfigurationIsVisible = 0;
			defaultConfigurationName = Release;
		};
		750A3647246F39D400793B20 /* Build configuration list for PBXNativeTarget "Custom" */ = {
			isa = XCConfigurationList;
			buildConfigurations = (
				750A3648246F39D400793B20 /* Debug */,
				750A3649246F39D400793B20 /* Release */,
			);
			defaultConfigurationIsVisible = 0;
			defaultConfigurationName = Release;
		};
/* End XCConfigurationList section */

/* Begin XCVersionGroup section */
		750A3628246F39B800793B20 /* Ghana.xcdatamodeld */ = {
			isa = XCVersionGroup;
			children = (
				750A3629246F39B800793B20 /* Ghana.xcdatamodel */,
			);
			currentVersion = 750A3629246F39B800793B20 /* Ghana.xcdatamodel */;
			path = Ghana.xcdatamodeld;
			sourceTree = "<group>";
			versionGroupType = wrapper.xcdatamodel;
		};
/* End XCVersionGroup section */
	};
	rootObject = 750A3619246F39B700793B20 /* Project object */;
}
